# This file is automatically @generated by Cargo.
# It is not intended for manual editing.
version = 3

[[package]]
name = "Inflector"
version = "0.11.4"
source = "registry+https://github.com/rust-lang/crates.io-index"
checksum = "fe438c63458706e03479442743baae6c88256498e6431708f6dfc520a26515d3"

[[package]]
name = "adler"
version = "1.0.2"
source = "registry+https://github.com/rust-lang/crates.io-index"
checksum = "f26201604c87b1e01bd3d98f8d5d9a8fcbb815e8cedb41ffccbeb4bf593a35fe"

[[package]]
name = "ahash"
version = "0.8.3"
source = "registry+https://github.com/rust-lang/crates.io-index"
checksum = "2c99f64d1e06488f620f932677e24bc6e2897582980441ae90a671415bd7ec2f"
dependencies = [
 "cfg-if",
 "getrandom",
 "once_cell",
 "version_check",
]

[[package]]
name = "ascii"
version = "1.0.0"
source = "registry+https://github.com/rust-lang/crates.io-index"
checksum = "bbf56136a5198c7b01a49e3afcbef6cf84597273d298f54432926024107b0109"

[[package]]
name = "autocfg"
version = "1.1.0"
source = "registry+https://github.com/rust-lang/crates.io-index"
checksum = "d468802bab17cbc0cc575e9b053f41e72aa36bfa6b7f55e3529ffa43161b97fa"

[[package]]
name = "base64"
version = "0.21.2"
source = "registry+https://github.com/rust-lang/crates.io-index"
checksum = "604178f6c5c21f02dc555784810edfb88d34ac2c73b2eae109655649ee73ce3d"

[[package]]
name = "bincode"
version = "1.3.3"
source = "registry+https://github.com/rust-lang/crates.io-index"
checksum = "b1f45e9417d87227c7a56d22e471c6206462cba514c7590c09aff4cf6d1ddcad"
dependencies = [
 "serde",
]

[[package]]
name = "bitflags"
version = "1.3.2"
source = "registry+https://github.com/rust-lang/crates.io-index"
checksum = "bef38d45163c2f1dde094a7dfd33ccf595c92905c8f8f4fdc18d06fb1037718a"

[[package]]
name = "cc"
version = "1.0.81"
source = "registry+https://github.com/rust-lang/crates.io-index"
checksum = "6c6b2562119bf28c3439f7f02db99faf0aa1a8cdfe5772a2ee155d32227239f0"
dependencies = [
 "libc",
]

[[package]]
name = "cfg-if"
version = "1.0.0"
source = "registry+https://github.com/rust-lang/crates.io-index"
checksum = "baf1de4339761588bc0619e3cbc0120ee582ebb74b53b4efbf79117bd2da40fd"

[[package]]
name = "chunked_transfer"
version = "1.4.0"
source = "registry+https://github.com/rust-lang/crates.io-index"
checksum = "fff857943da45f546682664a79488be82e69e43c1a7a2307679ab9afb3a66d2e"

[[package]]
name = "crc32fast"
version = "1.3.2"
source = "registry+https://github.com/rust-lang/crates.io-index"
checksum = "b540bd8bc810d3885c6ea91e2018302f68baba2129ab3e88f32389ee9370880d"
dependencies = [
 "cfg-if",
]

[[package]]
name = "crossbeam-channel"
version = "0.5.4"
source = "registry+https://github.com/rust-lang/crates.io-index"
checksum = "5aaa7bd5fb665c6864b5f963dd9097905c54125909c7aa94c9e18507cdbe6c53"
dependencies = [
 "cfg-if",
 "crossbeam-utils",
]

[[package]]
name = "crossbeam-deque"
version = "0.8.1"
source = "registry+https://github.com/rust-lang/crates.io-index"
checksum = "6455c0ca19f0d2fbf751b908d5c55c1f5cbc65e03c4225427254b46890bdde1e"
dependencies = [
 "cfg-if",
 "crossbeam-epoch",
 "crossbeam-utils",
]

[[package]]
name = "crossbeam-epoch"
version = "0.9.8"
source = "registry+https://github.com/rust-lang/crates.io-index"
checksum = "1145cf131a2c6ba0615079ab6a638f7e1973ac9c2634fcbeaaad6114246efe8c"
dependencies = [
 "autocfg",
 "cfg-if",
 "crossbeam-utils",
 "lazy_static",
 "memoffset",
 "scopeguard",
]

[[package]]
name = "crossbeam-utils"
version = "0.8.8"
source = "registry+https://github.com/rust-lang/crates.io-index"
checksum = "0bf124c720b7686e3c2663cf54062ab0f68a88af2fb6a030e87e30bf721fcb38"
dependencies = [
 "cfg-if",
 "lazy_static",
]

[[package]]
name = "deranged"
version = "0.3.7"
source = "registry+https://github.com/rust-lang/crates.io-index"
checksum = "7684a49fb1af197853ef7b2ee694bc1f5b4179556f1e5710e1760c5db6f5e929"

[[package]]
name = "directories"
version = "5.0.0"
source = "registry+https://github.com/rust-lang/crates.io-index"
checksum = "74be3be809c18e089de43bdc504652bb2bc473fca8756131f8689db8cf079ba9"
dependencies = [
 "dirs-sys",
]

[[package]]
name = "dirs-sys"
version = "0.4.0"
source = "registry+https://github.com/rust-lang/crates.io-index"
checksum = "04414300db88f70d74c5ff54e50f9e1d1737d9a5b90f53fcf2e95ca2a9ab554b"
dependencies = [
 "libc",
 "redox_users",
 "windows-sys 0.45.0",
]

[[package]]
name = "either"
version = "1.6.1"
source = "registry+https://github.com/rust-lang/crates.io-index"
checksum = "e78d4f1cc4ae33bbfc157ed5d5a5ef3bc29227303d595861deb238fcec4e9457"

[[package]]
name = "filetime"
version = "0.2.18"
source = "registry+https://github.com/rust-lang/crates.io-index"
checksum = "4b9663d381d07ae25dc88dbdf27df458faa83a9b25336bcac83d5e452b5fc9d3"
dependencies = [
 "cfg-if",
 "libc",
 "redox_syscall",
 "windows-sys 0.42.0",
]

[[package]]
name = "flate2"
version = "1.0.26"
source = "registry+https://github.com/rust-lang/crates.io-index"
checksum = "3b9429470923de8e8cbd4d2dc513535400b4b3fef0319fb5c4e1f520a7bef743"
dependencies = [
 "crc32fast",
 "miniz_oxide",
]

[[package]]
name = "fnv"
version = "1.0.7"
source = "registry+https://github.com/rust-lang/crates.io-index"
checksum = "3f9eec918d3f24069decb9af1554cad7c880e2da24a9afd88aca000531ab82c1"

[[package]]
name = "fsevent-sys"
version = "4.1.0"
source = "registry+https://github.com/rust-lang/crates.io-index"
checksum = "76ee7a02da4d231650c7cea31349b889be2f45ddb3ef3032d2ec8185f6313fd2"
dependencies = [
 "libc",
]

[[package]]
name = "getrandom"
version = "0.2.8"
source = "registry+https://github.com/rust-lang/crates.io-index"
checksum = "c05aeb6a22b8f62540c194aac980f2115af067bfe15a0734d7277a768d396b31"
dependencies = [
 "cfg-if",
 "libc",
 "wasi",
]

[[package]]
name = "hashbrown"
version = "0.12.3"
source = "registry+https://github.com/rust-lang/crates.io-index"
checksum = "8a9ee70c43aaf417c914396645a0fa852624801b24ebb7ae78fe8272889ac888"

[[package]]
name = "hermit-abi"
version = "0.1.19"
source = "registry+https://github.com/rust-lang/crates.io-index"
checksum = "62b467343b94ba476dcb2500d242dadbb39557df889310ac77c5d99100aaac33"
dependencies = [
 "libc",
]

[[package]]
name = "httpdate"
version = "1.0.2"
source = "registry+https://github.com/rust-lang/crates.io-index"
checksum = "c4a1e36c821dbe04574f602848a19f742f4fb3c98d40449f11bcad18d6b17421"

[[package]]
name = "indexmap"
version = "1.9.3"
source = "registry+https://github.com/rust-lang/crates.io-index"
checksum = "bd070e393353796e801d209ad339e89596eb4c8d430d18ede6a1cced8fafbd99"
dependencies = [
 "autocfg",
 "hashbrown",
]

[[package]]
name = "inotify"
version = "0.9.6"
source = "registry+https://github.com/rust-lang/crates.io-index"
checksum = "f8069d3ec154eb856955c1c0fbffefbf5f3c40a104ec912d4797314c1801abff"
dependencies = [
 "bitflags",
 "inotify-sys",
 "libc",
]

[[package]]
name = "inotify-sys"
version = "0.1.5"
source = "registry+https://github.com/rust-lang/crates.io-index"
checksum = "e05c02b5e89bff3b946cedeca278abc628fe811e604f027c45a8aa3cf793d0eb"
dependencies = [
 "libc",
]

[[package]]
name = "itoa"
version = "1.0.1"
source = "registry+https://github.com/rust-lang/crates.io-index"
checksum = "1aab8fc367588b89dcee83ab0fd66b72b50b72fa1904d7095045ace2b0c81c35"

[[package]]
name = "kqueue"
version = "1.0.7"
source = "registry+https://github.com/rust-lang/crates.io-index"
checksum = "2c8fc60ba15bf51257aa9807a48a61013db043fcf3a78cb0d916e8e396dcad98"
dependencies = [
 "kqueue-sys",
 "libc",
]

[[package]]
name = "kqueue-sys"
version = "1.0.3"
source = "registry+https://github.com/rust-lang/crates.io-index"
checksum = "8367585489f01bc55dd27404dcf56b95e6da061a256a666ab23be9ba96a2e587"
dependencies = [
 "bitflags",
 "libc",
]

[[package]]
name = "lazy_static"
version = "1.4.0"
source = "registry+https://github.com/rust-lang/crates.io-index"
checksum = "e2abad23fbc42b3700f2f279844dc832adb2b2eb069b2df918f455c4e18cc646"

[[package]]
name = "libc"
version = "0.2.123"
source = "registry+https://github.com/rust-lang/crates.io-index"
checksum = "cb691a747a7ab48abc15c5b42066eaafde10dc427e3b6ee2a1cf43db04c763bd"

[[package]]
name = "line-wrap"
version = "0.1.1"
source = "registry+https://github.com/rust-lang/crates.io-index"
checksum = "f30344350a2a51da54c1d53be93fade8a237e545dbcc4bdbe635413f2117cab9"
dependencies = [
 "safemem",
]

[[package]]
name = "linked-hash-map"
version = "0.5.6"
source = "registry+https://github.com/rust-lang/crates.io-index"
checksum = "0717cef1bc8b636c6e1c1bbdefc09e6322da8a9321966e8928ef80d20f7f770f"

[[package]]
name = "log"
version = "0.4.16"
source = "registry+https://github.com/rust-lang/crates.io-index"
checksum = "6389c490849ff5bc16be905ae24bc913a9c8892e19b2341dbc175e14c341c2b8"
dependencies = [
 "cfg-if",
]

[[package]]
name = "loggers"
version = "0.1.0"
dependencies = [
 "quote",
 "syn 1.0.103",
]

[[package]]
name = "maud"
version = "0.25.0"
source = "registry+https://github.com/rust-lang/crates.io-index"
checksum = "b0bab19cef8a7fe1c18a43e881793bfc9d4ea984befec3ae5bd0415abf3ecf00"
dependencies = [
 "itoa",
 "maud_macros",
]

[[package]]
name = "maud_macros"
version = "0.25.0"
source = "registry+https://github.com/rust-lang/crates.io-index"
checksum = "0be95d66c3024ffce639216058e5bae17a83ecaf266ffc6e4d060ad447c9eed2"
dependencies = [
 "proc-macro-error",
 "proc-macro2",
 "quote",
 "syn 1.0.103",
]

[[package]]
name = "memchr"
version = "2.5.0"
source = "registry+https://github.com/rust-lang/crates.io-index"
checksum = "2dffe52ecf27772e601905b7522cb4ef790d2cc203488bbd0e2fe85fcb74566d"

[[package]]
name = "memoffset"
version = "0.6.5"
source = "registry+https://github.com/rust-lang/crates.io-index"
checksum = "5aa361d4faea93603064a027415f07bd8e1d5c88c9fbf68bf56a285428fd79ce"
dependencies = [
 "autocfg",
]

[[package]]
name = "mime"
version = "0.3.16"
source = "registry+https://github.com/rust-lang/crates.io-index"
checksum = "2a60c7ce501c71e03a9c9c0d35b861413ae925bd979cc7a4e30d060069aaac8d"

[[package]]
name = "mime_guess"
version = "2.0.4"
source = "registry+https://github.com/rust-lang/crates.io-index"
checksum = "4192263c238a5f0d0c6bfd21f336a313a4ce1c450542449ca191bb657b4642ef"
dependencies = [
 "mime",
 "unicase",
]

[[package]]
name = "miniz_oxide"
version = "0.7.1"
source = "registry+https://github.com/rust-lang/crates.io-index"
checksum = "e7810e0be55b428ada41041c41f32c9f1a42817901b4ccf45fa3d4b6561e74c7"
dependencies = [
 "adler",
]

[[package]]
name = "mio"
version = "0.8.5"
source = "registry+https://github.com/rust-lang/crates.io-index"
checksum = "e5d732bc30207a6423068df043e3d02e0735b155ad7ce1a6f76fe2baa5b158de"
dependencies = [
 "libc",
 "log",
 "wasi",
 "windows-sys 0.42.0",
]

[[package]]
name = "notify"
version = "6.0.1"
source = "registry+https://github.com/rust-lang/crates.io-index"
checksum = "5738a2795d57ea20abec2d6d76c6081186709c0024187cd5977265eda6598b51"
dependencies = [
 "bitflags",
 "crossbeam-channel",
 "filetime",
 "fsevent-sys",
 "inotify",
 "kqueue",
 "libc",
 "mio",
 "walkdir",
 "windows-sys 0.45.0",
]

[[package]]
name = "num_cpus"
version = "1.13.1"
source = "registry+https://github.com/rust-lang/crates.io-index"
checksum = "19e64526ebdee182341572e50e9ad03965aa510cd94427a4549448f285e957a1"
dependencies = [
 "hermit-abi",
 "libc",
]

[[package]]
name = "once_cell"
version = "1.17.1"
source = "registry+https://github.com/rust-lang/crates.io-index"
checksum = "b7e5500299e16ebb147ae15a00a942af264cf3688f47923b8fc2cd5858f23ad3"

[[package]]
name = "onig"
version = "6.4.0"
source = "registry+https://github.com/rust-lang/crates.io-index"
checksum = "8c4b31c8722ad9171c6d77d3557db078cab2bd50afcc9d09c8b315c59df8ca4f"
dependencies = [
 "bitflags",
 "libc",
 "once_cell",
 "onig_sys",
]

[[package]]
name = "onig_sys"
version = "69.8.1"
source = "registry+https://github.com/rust-lang/crates.io-index"
checksum = "7b829e3d7e9cc74c7e315ee8edb185bf4190da5acde74afd7fc59c35b1f086e7"
dependencies = [
 "cc",
 "pkg-config",
]

[[package]]
name = "pkg-config"
version = "0.3.27"
source = "registry+https://github.com/rust-lang/crates.io-index"
checksum = "26072860ba924cbfa98ea39c8c19b4dd6a4a25423dbdf219c1eca91aa0cf6964"

[[package]]
name = "plist"
version = "1.5.0"
source = "registry+https://github.com/rust-lang/crates.io-index"
checksum = "bdc0001cfea3db57a2e24bc0d818e9e20e554b5f97fabb9bc231dc240269ae06"
dependencies = [
 "base64",
 "indexmap",
 "line-wrap",
 "quick-xml",
 "serde",
 "time",
]

[[package]]
name = "proc-macro-error"
version = "1.0.4"
source = "registry+https://github.com/rust-lang/crates.io-index"
checksum = "da25490ff9892aab3fcf7c36f08cfb902dd3e71ca0f9f9517bea02a73a5ce38c"
dependencies = [
 "proc-macro-error-attr",
 "proc-macro2",
 "quote",
 "syn 1.0.103",
 "version_check",
]

[[package]]
name = "proc-macro-error-attr"
version = "1.0.4"
source = "registry+https://github.com/rust-lang/crates.io-index"
checksum = "a1be40180e52ecc98ad80b184934baf3d0d29f979574e439af5a55274b35f869"
dependencies = [
 "proc-macro2",
 "quote",
 "version_check",
]

[[package]]
name = "proc-macro2"
version = "1.0.66"
source = "registry+https://github.com/rust-lang/crates.io-index"
checksum = "18fb31db3f9bddb2ea821cde30a9f70117e3f119938b5ee630b7403aa6e2ead9"
dependencies = [
 "unicode-ident",
]

[[package]]
name = "quick-xml"
version = "0.29.0"
source = "registry+https://github.com/rust-lang/crates.io-index"
checksum = "81b9228215d82c7b61490fec1de287136b5de6f5700f6e58ea9ad61a7964ca51"
dependencies = [
 "memchr",
]

[[package]]
name = "quote"
version = "1.0.33"
source = "registry+https://github.com/rust-lang/crates.io-index"
checksum = "5267fca4496028628a95160fc423a33e8b2e6af8a5302579e322e4b520293cae"
dependencies = [
 "proc-macro2",
]

[[package]]
name = "rayon"
version = "1.7.0"
source = "registry+https://github.com/rust-lang/crates.io-index"
checksum = "1d2df5196e37bcc87abebc0053e20787d73847bb33134a69841207dd0a47f03b"
dependencies = [
 "either",
 "rayon-core",
]

[[package]]
name = "rayon-core"
version = "1.11.0"
source = "registry+https://github.com/rust-lang/crates.io-index"
checksum = "4b8f95bd6966f5c87776639160a66bd8ab9895d9d4ab01ddba9fc60661aebe8d"
dependencies = [
 "crossbeam-channel",
 "crossbeam-deque",
 "crossbeam-utils",
 "num_cpus",
]

[[package]]
name = "redox_syscall"
version = "0.2.13"
source = "registry+https://github.com/rust-lang/crates.io-index"
checksum = "62f25bc4c7e55e0b0b7a1d43fb893f4fa1361d0abe38b9ce4f323c2adfe6ef42"
dependencies = [
 "bitflags",
]

[[package]]
name = "redox_users"
version = "0.4.3"
source = "registry+https://github.com/rust-lang/crates.io-index"
checksum = "b033d837a7cf162d7993aded9304e30a83213c648b6e389db233191f891e5c2b"
dependencies = [
 "getrandom",
 "redox_syscall",
 "thiserror",
]

[[package]]
name = "regex-syntax"
version = "0.7.4"
source = "registry+https://github.com/rust-lang/crates.io-index"
checksum = "e5ea92a5b6195c6ef2a0295ea818b312502c6fc94dde986c5553242e18fd4ce2"

[[package]]
name = "rust-server"
version = "1.0.0"
dependencies = [
 "ahash",
 "directories",
 "loggers",
 "maud",
 "mime_guess",
 "notify",
 "once_cell",
 "rayon",
 "serde",
 "serde_json",
 "similar",
 "syntect",
 "tiny_http",
 "ts-rs",
]

[[package]]
name = "ryu"
version = "1.0.9"
source = "registry+https://github.com/rust-lang/crates.io-index"
checksum = "73b4b750c782965c211b42f022f59af1fbceabdd026623714f104152f1ec149f"

[[package]]
name = "safemem"
version = "0.3.3"
source = "registry+https://github.com/rust-lang/crates.io-index"
checksum = "ef703b7cb59335eae2eb93ceb664c0eb7ea6bf567079d843e09420219668e072"

[[package]]
name = "same-file"
version = "1.0.6"
source = "registry+https://github.com/rust-lang/crates.io-index"
checksum = "93fc1dc3aaa9bfed95e02e6eadabb4baf7e3078b0bd1b4d7b6b0b68378900502"
dependencies = [
 "winapi-util",
]

[[package]]
name = "scopeguard"
version = "1.1.0"
source = "registry+https://github.com/rust-lang/crates.io-index"
checksum = "d29ab0c6d3fc0ee92fe66e2d99f700eab17a8d57d1c1d3b748380fb20baa78cd"

[[package]]
name = "serde"
version = "1.0.159"
source = "registry+https://github.com/rust-lang/crates.io-index"
checksum = "3c04e8343c3daeec41f58990b9d77068df31209f2af111e059e9fe9646693065"
dependencies = [
 "serde_derive",
]

[[package]]
name = "serde_derive"
version = "1.0.159"
source = "registry+https://github.com/rust-lang/crates.io-index"
checksum = "4c614d17805b093df4b147b51339e7e44bf05ef59fba1e45d83500bcfb4d8585"
dependencies = [
 "proc-macro2",
 "quote",
 "syn 2.0.29",
]

[[package]]
name = "serde_json"
version = "1.0.95"
source = "registry+https://github.com/rust-lang/crates.io-index"
checksum = "d721eca97ac802aa7777b701877c8004d950fc142651367300d21c1cc0194744"
dependencies = [
 "itoa",
 "ryu",
 "serde",
]

[[package]]
name = "similar"
version = "2.2.1"
source = "registry+https://github.com/rust-lang/crates.io-index"
checksum = "420acb44afdae038210c99e69aae24109f32f15500aa708e81d46c9f29d55fcf"

[[package]]
name = "syn"
version = "1.0.103"
source = "registry+https://github.com/rust-lang/crates.io-index"
checksum = "a864042229133ada95abf3b54fdc62ef5ccabe9515b64717bcb9a1919e59445d"
dependencies = [
 "proc-macro2",
 "quote",
 "unicode-ident",
]

[[package]]
name = "syn"
version = "2.0.29"
source = "registry+https://github.com/rust-lang/crates.io-index"
checksum = "c324c494eba9d92503e6f1ef2e6df781e78f6a7705a0202d9801b198807d518a"
dependencies = [
 "proc-macro2",
 "quote",
 "unicode-ident",
]

[[package]]
name = "syntect"
version = "5.1.0"
source = "registry+https://github.com/rust-lang/crates.io-index"
checksum = "e02b4b303bf8d08bfeb0445cba5068a3d306b6baece1d5582171a9bf49188f91"
dependencies = [
 "bincode",
 "bitflags",
 "flate2",
 "fnv",
 "once_cell",
 "onig",
 "plist",
 "regex-syntax",
 "serde",
 "serde_json",
 "thiserror",
 "walkdir",
 "yaml-rust",
]

[[package]]
name = "termcolor"
version = "1.1.3"
source = "registry+https://github.com/rust-lang/crates.io-index"
checksum = "bab24d30b911b2376f3a13cc2cd443142f0c81dda04c118693e35b3835757755"
dependencies = [
 "winapi-util",
]

[[package]]
name = "thiserror"
version = "1.0.30"
source = "registry+https://github.com/rust-lang/crates.io-index"
checksum = "854babe52e4df1653706b98fcfc05843010039b406875930a70e4d9644e5c417"
dependencies = [
 "thiserror-impl",
]

[[package]]
name = "thiserror-impl"
version = "1.0.30"
source = "registry+https://github.com/rust-lang/crates.io-index"
checksum = "aa32fd3f627f367fe16f893e2597ae3c05020f8bba2666a4e6ea73d377e5714b"
dependencies = [
 "proc-macro2",
 "quote",
 "syn 1.0.103",
]

[[package]]
name = "time"
version = "0.3.25"
source = "registry+https://github.com/rust-lang/crates.io-index"
checksum = "b0fdd63d58b18d663fbdf70e049f00a22c8e42be082203be7f26589213cd75ea"
dependencies = [
 "deranged",
 "itoa",
 "serde",
 "time-core",
 "time-macros",
]

[[package]]
name = "time-core"
version = "0.1.1"
source = "registry+https://github.com/rust-lang/crates.io-index"
checksum = "7300fbefb4dadc1af235a9cef3737cea692a9d97e1b9cbcd4ebdae6f8868e6fb"

[[package]]
name = "time-macros"
version = "0.2.11"
source = "registry+https://github.com/rust-lang/crates.io-index"
checksum = "eb71511c991639bb078fd5bf97757e03914361c48100d52878b8e52b46fb92cd"
dependencies = [
 "time-core",
]

[[package]]
name = "tiny_http"
version = "0.12.0"
source = "registry+https://github.com/rust-lang/crates.io-index"
checksum = "389915df6413a2e74fb181895f933386023c71110878cd0825588928e64cdc82"
dependencies = [
 "ascii",
 "chunked_transfer",
 "httpdate",
 "log",
]

[[package]]
name = "ts-rs"
version = "7.0.0"
source = "registry+https://github.com/rust-lang/crates.io-index"
checksum = "e1ff1f8c90369bc172200013ac17ae86e7b5def580687df4e6127883454ff2b0"
dependencies = [
 "thiserror",
 "ts-rs-macros",
]

[[package]]
name = "ts-rs-macros"
version = "7.0.0"
source = "registry+https://github.com/rust-lang/crates.io-index"
checksum = "a6f41cc0aeb7a4a55730188e147d3795a7349b501f8334697fd37629b896cdc2"
dependencies = [
 "Inflector",
 "proc-macro2",
 "quote",
 "syn 2.0.29",
 "termcolor",
]

[[package]]
name = "unicase"
version = "2.6.0"
source = "registry+https://github.com/rust-lang/crates.io-index"
checksum = "50f37be617794602aabbeee0be4f259dc1778fabe05e2d67ee8f79326d5cb4f6"
dependencies = [
 "version_check",
]

[[package]]
name = "unicode-ident"
version = "1.0.5"
source = "registry+https://github.com/rust-lang/crates.io-index"
checksum = "6ceab39d59e4c9499d4e5a8ee0e2735b891bb7308ac83dfb4e80cad195c9f6f3"

[[package]]
name = "version_check"
version = "0.9.4"
source = "registry+https://github.com/rust-lang/crates.io-index"
checksum = "49874b5167b65d7193b8aba1567f5c7d93d001cafc34600cee003eda787e483f"

[[package]]
name = "walkdir"
version = "2.3.2"
source = "registry+https://github.com/rust-lang/crates.io-index"
checksum = "808cf2735cd4b6866113f648b791c6adc5714537bc222d9347bb203386ffda56"
dependencies = [
 "same-file",
 "winapi",
 "winapi-util",
]

[[package]]
name = "wasi"
version = "0.11.0+wasi-snapshot-preview1"
source = "registry+https://github.com/rust-lang/crates.io-index"
checksum = "9c8d87e72b64a3b4db28d11ce29237c246188f4f51057d65a7eab63b7987e423"

[[package]]
name = "winapi"
version = "0.3.9"
source = "registry+https://github.com/rust-lang/crates.io-index"
checksum = "5c839a674fcd7a98952e593242ea400abe93992746761e38641405d28b00f419"
dependencies = [
 "winapi-i686-pc-windows-gnu",
 "winapi-x86_64-pc-windows-gnu",
]

[[package]]
name = "winapi-i686-pc-windows-gnu"
version = "0.4.0"
source = "registry+https://github.com/rust-lang/crates.io-index"
checksum = "ac3b87c63620426dd9b991e5ce0329eff545bccbbb34f3be09ff6fb6ab51b7b6"

[[package]]
name = "winapi-util"
version = "0.1.5"
source = "registry+https://github.com/rust-lang/crates.io-index"
checksum = "70ec6ce85bb158151cae5e5c87f95a8e97d2c0c4b001223f33a334e3ce5de178"
dependencies = [
 "winapi",
]

[[package]]
name = "winapi-x86_64-pc-windows-gnu"
version = "0.4.0"
source = "registry+https://github.com/rust-lang/crates.io-index"
checksum = "712e227841d057c1ee1cd2fb22fa7e5a5461ae8e48fa2ca79ec42cfc1931183f"

[[package]]
name = "windows-sys"
version = "0.42.0"
source = "registry+https://github.com/rust-lang/crates.io-index"
checksum = "5a3e1820f08b8513f676f7ab6c1f99ff312fb97b553d30ff4dd86f9f15728aa7"
dependencies = [
 "windows_aarch64_gnullvm",
 "windows_aarch64_msvc",
 "windows_i686_gnu",
 "windows_i686_msvc",
 "windows_x86_64_gnu",
 "windows_x86_64_gnullvm",
 "windows_x86_64_msvc",
]

[[package]]
name = "windows-sys"
version = "0.45.0"
source = "registry+https://github.com/rust-lang/crates.io-index"
checksum = "75283be5efb2831d37ea142365f009c02ec203cd29a3ebecbc093d52315b66d0"
dependencies = [
 "windows-targets",
]

[[package]]
name = "windows-targets"
version = "0.42.2"
source = "registry+https://github.com/rust-lang/crates.io-index"
checksum = "8e5180c00cd44c9b1c88adb3693291f1cd93605ded80c250a75d472756b4d071"
dependencies = [
 "windows_aarch64_gnullvm",
 "windows_aarch64_msvc",
 "windows_i686_gnu",
 "windows_i686_msvc",
 "windows_x86_64_gnu",
 "windows_x86_64_gnullvm",
 "windows_x86_64_msvc",
]

[[package]]
name = "windows_aarch64_gnullvm"
version = "0.42.2"
source = "registry+https://github.com/rust-lang/crates.io-index"
checksum = "597a5118570b68bc08d8d59125332c54f1ba9d9adeedeef5b99b02ba2b0698f8"

[[package]]
name = "windows_aarch64_msvc"
version = "0.42.2"
source = "registry+https://github.com/rust-lang/crates.io-index"
checksum = "e08e8864a60f06ef0d0ff4ba04124db8b0fb3be5776a5cd47641e942e58c4d43"

[[package]]
name = "windows_i686_gnu"
version = "0.42.2"
source = "registry+https://github.com/rust-lang/crates.io-index"
checksum = "c61d927d8da41da96a81f029489353e68739737d3beca43145c8afec9a31a84f"

[[package]]
name = "windows_i686_msvc"
version = "0.42.2"
source = "registry+https://github.com/rust-lang/crates.io-index"
checksum = "44d840b6ec649f480a41c8d80f9c65108b92d89345dd94027bfe06ac444d1060"

[[package]]
name = "windows_x86_64_gnu"
version = "0.42.2"
source = "registry+https://github.com/rust-lang/crates.io-index"
checksum = "8de912b8b8feb55c064867cf047dda097f92d51efad5b491dfb98f6bbb70cb36"

[[package]]
name = "windows_x86_64_gnullvm"
version = "0.42.2"
source = "registry+https://github.com/rust-lang/crates.io-index"
checksum = "26d41b46a36d453748aedef1486d5c7a85db22e56aff34643984ea85514e94a3"

[[package]]
name = "windows_x86_64_msvc"
version = "0.42.2"
source = "registry+https://github.com/rust-lang/crates.io-index"
checksum = "9aec5da331524158c6d1a4ac0ab1541149c0b9505fde06423b02f5ef0106b9f0"

[[package]]
name = "yaml-rust"
version = "0.4.5"
source = "registry+https://github.com/rust-lang/crates.io-index"
checksum = "56c1936c4cc7a1c9ab21a1ebb602eb942ba868cbd44a99cb7cdc5892335e1c85"
dependencies = [
 "linked-hash-map",
]
